
Microsoft Visual Studio Solution File, Format Version 12.00
# Visual Studio 15
VisualStudioVersion = 15.0.27130.2027
MinimumVisualStudioVersion = 10.0.40219.1
Project("{FAE04EC0-301F-11D3-BF4B-00C04F79EFBC}") = "ProjectDataBatch", "ProjectDataBatch\ProjectDataBatch.csproj", "{527C9C57-94B6-4F57-ACF9-BB78CB5CC6B4}"
EndProject
Global
	GlobalSection(SolutionConfigurationPlatforms) = preSolution
		Debug|Any CPU = Debug|Any CPU
		Release|Any CPU = Release|Any CPU
	EndGlobalSection
	GlobalSection(ProjectConfigurationPlatforms) = postSolution
		{527C9C57-94B6-4F57-ACF9-BB78CB5CC6B4}.Debug|Any CPU.ActiveCfg = Debug|Any CPU
		{527C9C57-94B6-4F57-ACF9-BB78CB5CC6B4}.Debug|Any CPU.Build.0 = Debug|Any CPU
		{527C9C57-94B6-4F57-ACF9-BB78CB5CC6B4}.Release|Any CPU.ActiveCfg = Release|Any CPU
		{527C9C57-94B6-4F57-ACF9-BB78CB5CC6B4}.Release|Any CPU.Build.0 = Release|Any CPU
	EndGlobalSection
	GlobalSection(SolutionProperties) = preSolution
		HideSolutionNode = FALSE
	EndGlobalSection
	GlobalSection(ExtensibilityGlobals) = postSolution
		SolutionGuid = {C2492C79-1B6B-485D-B845-B30FA714EC2C}
	EndGlobalSection
EndGlobal
